<?xml version="1.0" encoding="utf-8"?>
<Project ToolsVersion="4.0" xmlns="http://schemas.microsoft.com/developer/msbuild/2003">
  <ItemGroup>
    <Filter Include="Source Files">
      <UniqueIdentifier>{4FC737F1-C7A5-4376-A066-2A32D752A2FF}</UniqueIdentifier>
      <Extensions>cpp;c;cc;cxx;c++;cppm;ixx;def;odl;idl;hpj;bat;asm;asmx</Extensions>
    </Filter>
    <Filter Include="Source Files\Libs">
      <UniqueIdentifier>{98a7d0d2-72c2-4782-8667-a43839edd78a}</UniqueIdentifier>
    </Filter>
    <Filter Include="Source Files\Libs\EyeStep">
      <UniqueIdentifier>{f8cfdce0-9093-469b-bca8-fa09ac82bfe5}</UniqueIdentifier>
    </Filter>
    <Filter Include="Source Files\Libs\Lua">
      <UniqueIdentifier>{2086d24e-3c7a-4eb2-99c6-36a31f4426bb}</UniqueIdentifier>
    </Filter>
  </ItemGroup>
  <ItemGroup>
    <ClCompile Include="Libs\EyeStep\eyestep.cpp">
      <Filter>Source Files\Libs\EyeStep</Filter>
    </ClCompile>
    <ClCompile Include="Libs\EyeStep\eyestep_utility.cpp">
      <Filter>Source Files\Libs\EyeStep</Filter>
    </ClCompile>
    <ClCompile Include="Libs\Lua\lapi.c">
      <Filter>Source Files\Libs\Lua</Filter>
    </ClCompile>
    <ClCompile Include="Libs\Lua\lauxlib.c">
      <Filter>Source Files\Libs\Lua</Filter>
    </ClCompile>
    <ClCompile Include="Libs\Lua\lbaselib.c">
      <Filter>Source Files\Libs\Lua</Filter>
    </ClCompile>
    <ClCompile Include="Libs\Lua\lcode.c">
      <Filter>Source Files\Libs\Lua</Filter>
    </ClCompile>
    <ClCompile Include="Libs\Lua\ldblib.c">
      <Filter>Source Files\Libs\Lua</Filter>
    </ClCompile>
    <ClCompile Include="Libs\Lua\ldebug.c">
      <Filter>Source Files\Libs\Lua</Filter>
    </ClCompile>
    <ClCompile Include="Libs\Lua\ldo.c">
      <Filter>Source Files\Libs\Lua</Filter>
    </ClCompile>
    <ClCompile Include="Libs\Lua\ldump.c">
      <Filter>Source Files\Libs\Lua</Filter>
    </ClCompile>
    <ClCompile Include="Libs\Lua\lfunc.c">
      <Filter>Source Files\Libs\Lua</Filter>
    </ClCompile>
    <ClCompile Include="Libs\Lua\lgc.c">
      <Filter>Source Files\Libs\Lua</Filter>
    </ClCompile>
    <ClCompile Include="Libs\Lua\linit.c">
      <Filter>Source Files\Libs\Lua</Filter>
    </ClCompile>
    <ClCompile Include="Libs\Lua\liolib.c">
      <Filter>Source Files\Libs\Lua</Filter>
    </ClCompile>
    <ClCompile Include="Libs\Lua\llex.c">
      <Filter>Source Files\Libs\Lua</Filter>
    </ClCompile>
    <ClCompile Include="Libs\Lua\lmathlib.c">
      <Filter>Source Files\Libs\Lua</Filter>
    </ClCompile>
    <ClCompile Include="Libs\Lua\lmem.c">
      <Filter>Source Files\Libs\Lua</Filter>
    </ClCompile>
    <ClCompile Include="Libs\Lua\loadlib.c">
      <Filter>Source Files\Libs\Lua</Filter>
    </ClCompile>
    <ClCompile Include="Libs\Lua\lobject.c">
      <Filter>Source Files\Libs\Lua</Filter>
    </ClCompile>
    <ClCompile Include="Libs\Lua\lopcodes.c">
      <Filter>Source Files\Libs\Lua</Filter>
    </ClCompile>
    <ClCompile Include="Libs\Lua\loslib.c">
      <Filter>Source Files\Libs\Lua</Filter>
    </ClCompile>
    <ClCompile Include="Libs\Lua\lparser.c">
      <Filter>Source Files\Libs\Lua</Filter>
    </ClCompile>
    <ClCompile Include="Libs\Lua\lstate.c">
      <Filter>Source Files\Libs\Lua</Filter>
    </ClCompile>
    <ClCompile Include="Libs\Lua\lstring.c">
      <Filter>Source Files\Libs\Lua</Filter>
    </ClCompile>
    <ClCompile Include="Libs\Lua\lstrlib.c">
      <Filter>Source Files\Libs\Lua</Filter>
    </ClCompile>
    <ClCompile Include="Libs\Lua\ltable.c">
      <Filter>Source Files\Libs\Lua</Filter>
    </ClCompile>
    <ClCompile Include="Libs\Lua\ltablib.c">
      <Filter>Source Files\Libs\Lua</Filter>
    </ClCompile>
    <ClCompile Include="Libs\Lua\ltm.c">
      <Filter>Source Files\Libs\Lua</Filter>
    </ClCompile>
    <ClCompile Include="Libs\Lua\lundump.c">
      <Filter>Source Files\Libs\Lua</Filter>
    </ClCompile>
    <ClCompile Include="Libs\Lua\lvm.c">
      <Filter>Source Files\Libs\Lua</Filter>
    </ClCompile>
    <ClCompile Include="Libs\Lua\lzio.c">
      <Filter>Source Files\Libs\Lua</Filter>
    </ClCompile>
    <ClCompile Include="Core.cpp">
      <Filter>Source Files</Filter>
    </ClCompile>
  </ItemGroup>
  <ItemGroup>
    <ClInclude Include="Addys.h">
      <Filter>Source Files</Filter>
    </ClInclude>
    <ClInclude Include="Libs\EyeStep\eyestep.h">
      <Filter>Source Files\Libs\EyeStep</Filter>
    </ClInclude>
    <ClInclude Include="Libs\EyeStep\eyestep_utility.h">
      <Filter>Source Files\Libs\EyeStep</Filter>
    </ClInclude>
    <ClInclude Include="Libs\Lua\lapi.h">
      <Filter>Source Files\Libs\Lua</Filter>
    </ClInclude>
    <ClInclude Include="Libs\Lua\lauxlib.h">
      <Filter>Source Files\Libs\Lua</Filter>
    </ClInclude>
    <ClInclude Include="Libs\Lua\lcode.h">
      <Filter>Source Files\Libs\Lua</Filter>
    </ClInclude>
    <ClInclude Include="Libs\Lua\ldebug.h">
      <Filter>Source Files\Libs\Lua</Filter>
    </ClInclude>
    <ClInclude Include="Libs\Lua\ldo.h">
      <Filter>Source Files\Libs\Lua</Filter>
    </ClInclude>
    <ClInclude Include="Libs\Lua\lfunc.h">
      <Filter>Source Files\Libs\Lua</Filter>
    </ClInclude>
    <ClInclude Include="Libs\Lua\lgc.h">
      <Filter>Source Files\Libs\Lua</Filter>
    </ClInclude>
    <ClInclude Include="Libs\Lua\llex.h">
      <Filter>Source Files\Libs\Lua</Filter>
    </ClInclude>
    <ClInclude Include="Libs\Lua\llimits.h">
      <Filter>Source Files\Libs\Lua</Filter>
    </ClInclude>
    <ClInclude Include="Libs\Lua\lmem.h">
      <Filter>Source Files\Libs\Lua</Filter>
    </ClInclude>
    <ClInclude Include="Libs\Lua\lobject.h">
      <Filter>Source Files\Libs\Lua</Filter>
    </ClInclude>
    <ClInclude Include="Libs\Lua\lopcodes.h">
      <Filter>Source Files\Libs\Lua</Filter>
    </ClInclude>
    <ClInclude Include="Libs\Lua\lparser.h">
      <Filter>Source Files\Libs\Lua</Filter>
    </ClInclude>
    <ClInclude Include="Libs\Lua\lstate.h">
      <Filter>Source Files\Libs\Lua</Filter>
    </ClInclude>
    <ClInclude Include="Libs\Lua\lstring.h">
      <Filter>Source Files\Libs\Lua</Filter>
    </ClInclude>
    <ClInclude Include="Libs\Lua\ltable.h">
      <Filter>Source Files\Libs\Lua</Filter>
    </ClInclude>
    <ClInclude Include="Libs\Lua\ltm.h">
      <Filter>Source Files\Libs\Lua</Filter>
    </ClInclude>
    <ClInclude Include="Libs\Lua\lua.h">
      <Filter>Source Files\Libs\Lua</Filter>
    </ClInclude>
    <ClInclude Include="Libs\Lua\luaconf.h">
      <Filter>Source Files\Libs\Lua</Filter>
    </ClInclude>
    <ClInclude Include="Libs\Lua\lualib.h">
      <Filter>Source Files\Libs\Lua</Filter>
    </ClInclude>
    <ClInclude Include="Libs\Lua\lundump.h">
      <Filter>Source Files\Libs\Lua</Filter>
    </ClInclude>
    <ClInclude Include="Libs\Lua\lvm.h">
      <Filter>Source Files\Libs\Lua</Filter>
    </ClInclude>
    <ClInclude Include="Libs\Lua\lzio.h">
      <Filter>Source Files\Libs\Lua</Filter>
    </ClInclude>
    <ClInclude Include="Bypass.h">
      <Filter>Source Files</Filter>
    </ClInclude>
    <ClInclude Include="Console.h">
      <Filter>Source Files</Filter>
    </ClInclude>
    <ClInclude Include="Callcheck.h">
      <Filter>Source Files</Filter>
    </ClInclude>
  </ItemGroup>
</Project>